
Microsoft Visual Studio Solution File, Format Version 12.00
# Visual Studio 2013
VisualStudioVersion = 12.0.40629.0
MinimumVisualStudioVersion = 10.0.40219.1
Project("{FAE04EC0-301F-11D3-BF4B-00C04F79EFBC}") = "WebApplicationExample", "WebApplicationExample\WebApplicationExample.csproj", "{D8EC1E53-3E8B-4810-A22F-8FD0A2541043}"
EndProject
Project("{FAE04EC0-301F-11D3-BF4B-00C04F79EFBC}") = "WebApplicationExample.Tests", "WebApplicationExample.Tests\WebApplicationExample.Tests.csproj", "{04546933-6446-4973-A13D-344F2E483F05}"
EndProject
Global
	GlobalSection(SolutionConfigurationPlatforms) = preSolution
		Debug|Any CPU = Debug|Any CPU
		Release|Any CPU = Release|Any CPU
	EndGlobalSection
	GlobalSection(ProjectConfigurationPlatforms) = postSolution
		{D8EC1E53-3E8B-4810-A22F-8FD0A2541043}.Debug|Any CPU.ActiveCfg = Debug|Any CPU
		{D8EC1E53-3E8B-4810-A22F-8FD0A2541043}.Debug|Any CPU.Build.0 = Debug|Any CPU
		{D8EC1E53-3E8B-4810-A22F-8FD0A2541043}.Release|Any CPU.ActiveCfg = Release|Any CPU
		{D8EC1E53-3E8B-4810-A22F-8FD0A2541043}.Release|Any CPU.Build.0 = Release|Any CPU
		{04546933-6446-4973-A13D-344F2E483F05}.Debug|Any CPU.ActiveCfg = Debug|Any CPU
		{04546933-6446-4973-A13D-344F2E483F05}.Debug|Any CPU.Build.0 = Debug|Any CPU
		{04546933-6446-4973-A13D-344F2E483F05}.Release|Any CPU.ActiveCfg = Release|Any CPU
		{04546933-6446-4973-A13D-344F2E483F05}.Release|Any CPU.Build.0 = Release|Any CPU
	EndGlobalSection
	GlobalSection(SolutionProperties) = preSolution
		HideSolutionNode = FALSE
	EndGlobalSection
EndGlobal
